
Microsoft Visual Studio Solution File, Format Version 12.00
# Visual Studio 15
VisualStudioVersion = 15.0.27703.2018
MinimumVisualStudioVersion = 10.0.40219.1
Project("{FAE04EC0-301F-11D3-BF4B-00C04F79EFBC}") = "ReminderXamarin.Android", "ReminderXamarin\ReminderXamarin.Android\ReminderXamarin.Android.csproj", "{62771300-0963-493A-BF6C-6EE007AB1A28}"
EndProject
Project("{FAE04EC0-301F-11D3-BF4B-00C04F79EFBC}") = "ReminderXamarin.iOS", "ReminderXamarin\ReminderXamarin.iOS\ReminderXamarin.iOS.csproj", "{EC835E94-EB94-4B72-9FC8-0E8573417BFE}"
EndProject
Project("{9A19103F-16F7-4668-BE54-9A1E7A4F7556}") = "ReminderXamarin", "ReminderXamarin\ReminderXamarin\ReminderXamarin.csproj", "{980352AD-B1CA-4E5F-9DCA-A1E657748375}"
EndProject
Project("{FAE04EC0-301F-11D3-BF4B-00C04F79EFBC}") = "RI.Data", "RI.Data\RI.Data.csproj", "{EFA2C90C-A7FD-4162-BB53-7BB823F167E1}"
EndProject
Project("{2150E333-8FDC-42A3-9474-1A3956D46DE8}") = "Data", "Data", "{F22B18BB-674B-406C-B5E9-3A92130B80B2}"
EndProject
Global
	GlobalSection(SolutionConfigurationPlatforms) = preSolution
		Ad-Hoc|Any CPU = Ad-Hoc|Any CPU
		Ad-Hoc|iPhone = Ad-Hoc|iPhone
		Ad-Hoc|iPhoneSimulator = Ad-Hoc|iPhoneSimulator
		AppStore|Any CPU = AppStore|Any CPU
		AppStore|iPhone = AppStore|iPhone
		AppStore|iPhoneSimulator = AppStore|iPhoneSimulator
		Debug|Any CPU = Debug|Any CPU
		Debug|iPhone = Debug|iPhone
		Debug|iPhoneSimulator = Debug|iPhoneSimulator
		Release|Any CPU = Release|Any CPU
		Release|iPhone = Release|iPhone
		Release|iPhoneSimulator = Release|iPhoneSimulator
	EndGlobalSection
	GlobalSection(ProjectConfigurationPlatforms) = postSolution
		{62771300-0963-493A-BF6C-6EE007AB1A28}.Ad-Hoc|Any CPU.ActiveCfg = Release|Any CPU
		{62771300-0963-493A-BF6C-6EE007AB1A28}.Ad-Hoc|Any CPU.Build.0 = Release|Any CPU
		{62771300-0963-493A-BF6C-6EE007AB1A28}.Ad-Hoc|Any CPU.Deploy.0 = Release|Any CPU
		{62771300-0963-493A-BF6C-6EE007AB1A28}.Ad-Hoc|iPhone.ActiveCfg = Release|Any CPU
		{62771300-0963-493A-BF6C-6EE007AB1A28}.Ad-Hoc|iPhone.Build.0 = Release|Any CPU
		{62771300-0963-493A-BF6C-6EE007AB1A28}.Ad-Hoc|iPhone.Deploy.0 = Release|Any CPU
		{62771300-0963-493A-BF6C-6EE007AB1A28}.Ad-Hoc|iPhoneSimulator.ActiveCfg = Release|Any CPU
		{62771300-0963-493A-BF6C-6EE007AB1A28}.Ad-Hoc|iPhoneSimulator.Build.0 = Release|Any CPU
		{62771300-0963-493A-BF6C-6EE007AB1A28}.Ad-Hoc|iPhoneSimulator.Deploy.0 = Release|Any CPU
		{62771300-0963-493A-BF6C-6EE007AB1A28}.AppStore|Any CPU.ActiveCfg = Release|Any CPU
		{62771300-0963-493A-BF6C-6EE007AB1A28}.AppStore|Any CPU.Build.0 = Release|Any CPU
		{62771300-0963-493A-BF6C-6EE007AB1A28}.AppStore|Any CPU.Deploy.0 = Release|Any CPU
		{62771300-0963-493A-BF6C-6EE007AB1A28}.AppStore|iPhone.ActiveCfg = Release|Any CPU
		{62771300-0963-493A-BF6C-6EE007AB1A28}.AppStore|iPhone.Build.0 = Release|Any CPU
		{62771300-0963-493A-BF6C-6EE007AB1A28}.AppStore|iPhone.Deploy.0 = Release|Any CPU
		{62771300-0963-493A-BF6C-6EE007AB1A28}.AppStore|iPhoneSimulator.ActiveCfg = Release|Any CPU
		{62771300-0963-493A-BF6C-6EE007AB1A28}.AppStore|iPhoneSimulator.Build.0 = Release|Any CPU
		{62771300-0963-493A-BF6C-6EE007AB1A28}.AppStore|iPhoneSimulator.Deploy.0 = Release|Any CPU
		{62771300-0963-493A-BF6C-6EE007AB1A28}.Debug|Any CPU.ActiveCfg = Debug|Any CPU
		{62771300-0963-493A-BF6C-6EE007AB1A28}.Debug|Any CPU.Build.0 = Debug|Any CPU
		{62771300-0963-493A-BF6C-6EE007AB1A28}.Debug|Any CPU.Deploy.0 = Debug|Any CPU
		{62771300-0963-493A-BF6C-6EE007AB1A28}.Debug|iPhone.ActiveCfg = Debug|Any CPU
		{62771300-0963-493A-BF6C-6EE007AB1A28}.Debug|iPhone.Build.0 = Debug|Any CPU
		{62771300-0963-493A-BF6C-6EE007AB1A28}.Debug|iPhone.Deploy.0 = Debug|Any CPU
		{62771300-0963-493A-BF6C-6EE007AB1A28}.Debug|iPhoneSimulator.ActiveCfg = Debug|Any CPU
		{62771300-0963-493A-BF6C-6EE007AB1A28}.Debug|iPhoneSimulator.Build.0 = Debug|Any CPU
		{62771300-0963-493A-BF6C-6EE007AB1A28}.Debug|iPhoneSimulator.Deploy.0 = Debug|Any CPU
		{62771300-0963-493A-BF6C-6EE007AB1A28}.Release|Any CPU.ActiveCfg = Release|Any CPU
		{62771300-0963-493A-BF6C-6EE007AB1A28}.Release|Any CPU.Build.0 = Release|Any CPU
		{62771300-0963-493A-BF6C-6EE007AB1A28}.Release|Any CPU.Deploy.0 = Release|Any CPU
		{62771300-0963-493A-BF6C-6EE007AB1A28}.Release|iPhone.ActiveCfg = Release|Any CPU
		{62771300-0963-493A-BF6C-6EE007AB1A28}.Release|iPhone.Build.0 = Release|Any CPU
		{62771300-0963-493A-BF6C-6EE007AB1A28}.Release|iPhone.Deploy.0 = Release|Any CPU
		{62771300-0963-493A-BF6C-6EE007AB1A28}.Release|iPhoneSimulator.ActiveCfg = Release|Any CPU
		{62771300-0963-493A-BF6C-6EE007AB1A28}.Release|iPhoneSimulator.Build.0 = Release|Any CPU
		{62771300-0963-493A-BF6C-6EE007AB1A28}.Release|iPhoneSimulator.Deploy.0 = Release|Any CPU
		{EC835E94-EB94-4B72-9FC8-0E8573417BFE}.Ad-Hoc|Any CPU.ActiveCfg = Ad-Hoc|iPhone
		{EC835E94-EB94-4B72-9FC8-0E8573417BFE}.Ad-Hoc|Any CPU.Build.0 = Ad-Hoc|iPhone
		{EC835E94-EB94-4B72-9FC8-0E8573417BFE}.Ad-Hoc|Any CPU.Deploy.0 = Ad-Hoc|iPhone
		{EC835E94-EB94-4B72-9FC8-0E8573417BFE}.Ad-Hoc|iPhone.ActiveCfg = Ad-Hoc|iPhone
		{EC835E94-EB94-4B72-9FC8-0E8573417BFE}.Ad-Hoc|iPhone.Build.0 = Ad-Hoc|iPhone
		{EC835E94-EB94-4B72-9FC8-0E8573417BFE}.Ad-Hoc|iPhone.Deploy.0 = Ad-Hoc|iPhone
		{EC835E94-EB94-4B72-9FC8-0E8573417BFE}.Ad-Hoc|iPhoneSimulator.ActiveCfg = Ad-Hoc|iPhoneSimulator
		{EC835E94-EB94-4B72-9FC8-0E8573417BFE}.Ad-Hoc|iPhoneSimulator.Build.0 = Ad-Hoc|iPhoneSimulator
		{EC835E94-EB94-4B72-9FC8-0E8573417BFE}.Ad-Hoc|iPhoneSimulator.Deploy.0 = Ad-Hoc|iPhoneSimulator
		{EC835E94-EB94-4B72-9FC8-0E8573417BFE}.AppStore|Any CPU.ActiveCfg = AppStore|iPhone
		{EC835E94-EB94-4B72-9FC8-0E8573417BFE}.AppStore|Any CPU.Build.0 = AppStore|iPhone
		{EC835E94-EB94-4B72-9FC8-0E8573417BFE}.AppStore|Any CPU.Deploy.0 = AppStore|iPhone
		{EC835E94-EB94-4B72-9FC8-0E8573417BFE}.AppStore|iPhone.ActiveCfg = AppStore|iPhone
		{EC835E94-EB94-4B72-9FC8-0E8573417BFE}.AppStore|iPhone.Build.0 = AppStore|iPhone
		{EC835E94-EB94-4B72-9FC8-0E8573417BFE}.AppStore|iPhone.Deploy.0 = AppStore|iPhone
		{EC835E94-EB94-4B72-9FC8-0E8573417BFE}.AppStore|iPhoneSimulator.ActiveCfg = AppStore|iPhoneSimulator
		{EC835E94-EB94-4B72-9FC8-0E8573417BFE}.AppStore|iPhoneSimulator.Build.0 = AppStore|iPhoneSimulator
		{EC835E94-EB94-4B72-9FC8-0E8573417BFE}.AppStore|iPhoneSimulator.Deploy.0 = AppStore|iPhoneSimulator
		{EC835E94-EB94-4B72-9FC8-0E8573417BFE}.Debug|Any CPU.ActiveCfg = Debug|iPhoneSimulator
		{EC835E94-EB94-4B72-9FC8-0E8573417BFE}.Debug|Any CPU.Build.0 = Debug|iPhoneSimulator
		{EC835E94-EB94-4B72-9FC8-0E8573417BFE}.Debug|Any CPU.Deploy.0 = Debug|iPhoneSimulator
		{EC835E94-EB94-4B72-9FC8-0E8573417BFE}.Debug|iPhone.ActiveCfg = Debug|iPhone
		{EC835E94-EB94-4B72-9FC8-0E8573417BFE}.Debug|iPhone.Build.0 = Debug|iPhone
		{EC835E94-EB94-4B72-9FC8-0E8573417BFE}.Debug|iPhone.Deploy.0 = Debug|iPhone
		{EC835E94-EB94-4B72-9FC8-0E8573417BFE}.Debug|iPhoneSimulator.ActiveCfg = Debug|iPhoneSimulator
		{EC835E94-EB94-4B72-9FC8-0E8573417BFE}.Debug|iPhoneSimulator.Build.0 = Debug|iPhoneSimulator
		{EC835E94-EB94-4B72-9FC8-0E8573417BFE}.Debug|iPhoneSimulator.Deploy.0 = Debug|iPhoneSimulator
		{EC835E94-EB94-4B72-9FC8-0E8573417BFE}.Release|Any CPU.ActiveCfg = Release|iPhone
		{EC835E94-EB94-4B72-9FC8-0E8573417BFE}.Release|Any CPU.Build.0 = Release|iPhone
		{EC835E94-EB94-4B72-9FC8-0E8573417BFE}.Release|Any CPU.Deploy.0 = Release|iPhone
		{EC835E94-EB94-4B72-9FC8-0E8573417BFE}.Release|iPhone.ActiveCfg = Release|iPhone
		{EC835E94-EB94-4B72-9FC8-0E8573417BFE}.Release|iPhone.Build.0 = Release|iPhone
		{EC835E94-EB94-4B72-9FC8-0E8573417BFE}.Release|iPhone.Deploy.0 = Release|iPhone
		{EC835E94-EB94-4B72-9FC8-0E8573417BFE}.Release|iPhoneSimulator.ActiveCfg = Release|iPhoneSimulator
		{EC835E94-EB94-4B72-9FC8-0E8573417BFE}.Release|iPhoneSimulator.Build.0 = Release|iPhoneSimulator
		{EC835E94-EB94-4B72-9FC8-0E8573417BFE}.Release|iPhoneSimulator.Deploy.0 = Release|iPhoneSimulator
		{980352AD-B1CA-4E5F-9DCA-A1E657748375}.Ad-Hoc|Any CPU.ActiveCfg = Debug|Any CPU
		{980352AD-B1CA-4E5F-9DCA-A1E657748375}.Ad-Hoc|Any CPU.Build.0 = Debug|Any CPU
		{980352AD-B1CA-4E5F-9DCA-A1E657748375}.Ad-Hoc|Any CPU.Deploy.0 = Debug|Any CPU
		{980352AD-B1CA-4E5F-9DCA-A1E657748375}.Ad-Hoc|iPhone.ActiveCfg = Debug|Any CPU
		{980352AD-B1CA-4E5F-9DCA-A1E657748375}.Ad-Hoc|iPhone.Build.0 = Debug|Any CPU
		{980352AD-B1CA-4E5F-9DCA-A1E657748375}.Ad-Hoc|iPhone.Deploy.0 = Debug|Any CPU
		{980352AD-B1CA-4E5F-9DCA-A1E657748375}.Ad-Hoc|iPhoneSimulator.ActiveCfg = Debug|Any CPU
		{980352AD-B1CA-4E5F-9DCA-A1E657748375}.Ad-Hoc|iPhoneSimulator.Build.0 = Debug|Any CPU
		{980352AD-B1CA-4E5F-9DCA-A1E657748375}.Ad-Hoc|iPhoneSimulator.Deploy.0 = Debug|Any CPU
		{980352AD-B1CA-4E5F-9DCA-A1E657748375}.AppStore|Any CPU.ActiveCfg = Debug|Any CPU
		{980352AD-B1CA-4E5F-9DCA-A1E657748375}.AppStore|Any CPU.Build.0 = Debug|Any CPU
		{980352AD-B1CA-4E5F-9DCA-A1E657748375}.AppStore|Any CPU.Deploy.0 = Debug|Any CPU
		{980352AD-B1CA-4E5F-9DCA-A1E657748375}.AppStore|iPhone.ActiveCfg = Debug|Any CPU
		{980352AD-B1CA-4E5F-9DCA-A1E657748375}.AppStore|iPhone.Build.0 = Debug|Any CPU
		{980352AD-B1CA-4E5F-9DCA-A1E657748375}.AppStore|iPhone.Deploy.0 = Debug|Any CPU
		{980352AD-B1CA-4E5F-9DCA-A1E657748375}.AppStore|iPhoneSimulator.ActiveCfg = Debug|Any CPU
		{980352AD-B1CA-4E5F-9DCA-A1E657748375}.AppStore|iPhoneSimulator.Build.0 = Debug|Any CPU
		{980352AD-B1CA-4E5F-9DCA-A1E657748375}.AppStore|iPhoneSimulator.Deploy.0 = Debug|Any CPU
		{980352AD-B1CA-4E5F-9DCA-A1E657748375}.Debug|Any CPU.ActiveCfg = Debug|Any CPU
		{980352AD-B1CA-4E5F-9DCA-A1E657748375}.Debug|Any CPU.Build.0 = Debug|Any CPU
		{980352AD-B1CA-4E5F-9DCA-A1E657748375}.Debug|Any CPU.Deploy.0 = Debug|Any CPU
		{980352AD-B1CA-4E5F-9DCA-A1E657748375}.Debug|iPhone.ActiveCfg = Debug|Any CPU
		{980352AD-B1CA-4E5F-9DCA-A1E657748375}.Debug|iPhone.Build.0 = Debug|Any CPU
		{980352AD-B1CA-4E5F-9DCA-A1E657748375}.Debug|iPhone.Deploy.0 = Debug|Any CPU
		{980352AD-B1CA-4E5F-9DCA-A1E657748375}.Debug|iPhoneSimulator.ActiveCfg = Debug|Any CPU
		{980352AD-B1CA-4E5F-9DCA-A1E657748375}.Debug|iPhoneSimulator.Build.0 = Debug|Any CPU
		{980352AD-B1CA-4E5F-9DCA-A1E657748375}.Debug|iPhoneSimulator.Deploy.0 = Debug|Any CPU
		{980352AD-B1CA-4E5F-9DCA-A1E657748375}.Release|Any CPU.ActiveCfg = Release|Any CPU
		{980352AD-B1CA-4E5F-9DCA-A1E657748375}.Release|Any CPU.Build.0 = Release|Any CPU
		{980352AD-B1CA-4E5F-9DCA-A1E657748375}.Release|Any CPU.Deploy.0 = Release|Any CPU
		{980352AD-B1CA-4E5F-9DCA-A1E657748375}.Release|iPhone.ActiveCfg = Release|Any CPU
		{980352AD-B1CA-4E5F-9DCA-A1E657748375}.Release|iPhone.Build.0 = Release|Any CPU
		{980352AD-B1CA-4E5F-9DCA-A1E657748375}.Release|iPhone.Deploy.0 = Release|Any CPU
		{980352AD-B1CA-4E5F-9DCA-A1E657748375}.Release|iPhoneSimulator.ActiveCfg = Release|Any CPU
		{980352AD-B1CA-4E5F-9DCA-A1E657748375}.Release|iPhoneSimulator.Build.0 = Release|Any CPU
		{980352AD-B1CA-4E5F-9DCA-A1E657748375}.Release|iPhoneSimulator.Deploy.0 = Release|Any CPU
		{EFA2C90C-A7FD-4162-BB53-7BB823F167E1}.Ad-Hoc|Any CPU.ActiveCfg = Debug|Any CPU
		{EFA2C90C-A7FD-4162-BB53-7BB823F167E1}.Ad-Hoc|Any CPU.Build.0 = Debug|Any CPU
		{EFA2C90C-A7FD-4162-BB53-7BB823F167E1}.Ad-Hoc|iPhone.ActiveCfg = Debug|Any CPU
		{EFA2C90C-A7FD-4162-BB53-7BB823F167E1}.Ad-Hoc|iPhone.Build.0 = Debug|Any CPU
		{EFA2C90C-A7FD-4162-BB53-7BB823F167E1}.Ad-Hoc|iPhoneSimulator.ActiveCfg = Debug|Any CPU
		{EFA2C90C-A7FD-4162-BB53-7BB823F167E1}.Ad-Hoc|iPhoneSimulator.Build.0 = Debug|Any CPU
		{EFA2C90C-A7FD-4162-BB53-7BB823F167E1}.AppStore|Any CPU.ActiveCfg = Debug|Any CPU
		{EFA2C90C-A7FD-4162-BB53-7BB823F167E1}.AppStore|Any CPU.Build.0 = Debug|Any CPU
		{EFA2C90C-A7FD-4162-BB53-7BB823F167E1}.AppStore|iPhone.ActiveCfg = Debug|Any CPU
		{EFA2C90C-A7FD-4162-BB53-7BB823F167E1}.AppStore|iPhone.Build.0 = Debug|Any CPU
		{EFA2C90C-A7FD-4162-BB53-7BB823F167E1}.AppStore|iPhoneSimulator.ActiveCfg = Debug|Any CPU
		{EFA2C90C-A7FD-4162-BB53-7BB823F167E1}.AppStore|iPhoneSimulator.Build.0 = Debug|Any CPU
		{EFA2C90C-A7FD-4162-BB53-7BB823F167E1}.Debug|Any CPU.ActiveCfg = Debug|Any CPU
		{EFA2C90C-A7FD-4162-BB53-7BB823F167E1}.Debug|Any CPU.Build.0 = Debug|Any CPU
		{EFA2C90C-A7FD-4162-BB53-7BB823F167E1}.Debug|iPhone.ActiveCfg = Debug|Any CPU
		{EFA2C90C-A7FD-4162-BB53-7BB823F167E1}.Debug|iPhone.Build.0 = Debug|Any CPU
		{EFA2C90C-A7FD-4162-BB53-7BB823F167E1}.Debug|iPhoneSimulator.ActiveCfg = Debug|Any CPU
		{EFA2C90C-A7FD-4162-BB53-7BB823F167E1}.Debug|iPhoneSimulator.Build.0 = Debug|Any CPU
		{EFA2C90C-A7FD-4162-BB53-7BB823F167E1}.Release|Any CPU.ActiveCfg = Release|Any CPU
		{EFA2C90C-A7FD-4162-BB53-7BB823F167E1}.Release|Any CPU.Build.0 = Release|Any CPU
		{EFA2C90C-A7FD-4162-BB53-7BB823F167E1}.Release|iPhone.ActiveCfg = Release|Any CPU
		{EFA2C90C-A7FD-4162-BB53-7BB823F167E1}.Release|iPhone.Build.0 = Release|Any CPU
		{EFA2C90C-A7FD-4162-BB53-7BB823F167E1}.Release|iPhoneSimulator.ActiveCfg = Release|Any CPU
		{EFA2C90C-A7FD-4162-BB53-7BB823F167E1}.Release|iPhoneSimulator.Build.0 = Release|Any CPU
	EndGlobalSection
	GlobalSection(SolutionProperties) = preSolution
		HideSolutionNode = FALSE
	EndGlobalSection
	GlobalSection(NestedProjects) = preSolution
		{EFA2C90C-A7FD-4162-BB53-7BB823F167E1} = {F22B18BB-674B-406C-B5E9-3A92130B80B2}
	EndGlobalSection
	GlobalSection(ExtensibilityGlobals) = postSolution
		SolutionGuid = {AE1DBB5E-66A5-4BF8-8804-2CB0FD351685}
	EndGlobalSection
EndGlobal
